// !$*UTF8*$!
{
	archiveVersion = 1;
	classes = {
	};
	objectVersion = 50;
	objects = {

/* Begin PBXBuildFile section */
		7315555C21275B570003CD04 /* ExpandHeaderView.swift in Sources */ = {isa = PBXBuildFile; fileRef = 7315555B21275B570003CD04 /* ExpandHeaderView.swift */; };
		7315555E21275B790003CD04 /* ExpandHeaderView.xib in Resources */ = {isa = PBXBuildFile; fileRef = 7315555D21275B790003CD04 /* ExpandHeaderView.xib */; };
		737136952166370700944AB3 /* BaseView.swift in Sources */ = {isa = PBXBuildFile; fileRef = 737136942166370700944AB3 /* BaseView.swift */; };
		737136972166382200944AB3 /* UIViewExtensions.swift in Sources */ = {isa = PBXBuildFile; fileRef = 737136962166382200944AB3 /* UIViewExtensions.swift */; };
		7371369B21663B6800944AB3 /* BaseTableHeaderFooterView.swift in Sources */ = {isa = PBXBuildFile; fileRef = 7371369A21663B6800944AB3 /* BaseTableHeaderFooterView.swift */; };
		7371369D2166590400944AB3 /* ExpandFooterView.swift in Sources */ = {isa = PBXBuildFile; fileRef = 7371369C2166590400944AB3 /* ExpandFooterView.swift */; };
		7371369F2166593000944AB3 /* ExpandFooterView.xib in Resources */ = {isa = PBXBuildFile; fileRef = 7371369E2166593000944AB3 /* ExpandFooterView.xib */; };
		737136A12166691500944AB3 /* HideableObject.swift in Sources */ = {isa = PBXBuildFile; fileRef = 737136A02166691500944AB3 /* HideableObject.swift */; };
		737136A32166766300944AB3 /* SectionObject.swift in Sources */ = {isa = PBXBuildFile; fileRef = 737136A22166766300944AB3 /* SectionObject.swift */; };
		737136A5216678D300944AB3 /* HideShowSectionController.swift in Sources */ = {isa = PBXBuildFile; fileRef = 737136A4216678D300944AB3 /* HideShowSectionController.swift */; };
		737136A7216796F200944AB3 /* BaseCell.swift in Sources */ = {isa = PBXBuildFile; fileRef = 737136A6216796F200944AB3 /* BaseCell.swift */; };
		737136A92167998C00944AB3 /* UITableViewExtensions.swift in Sources */ = {isa = PBXBuildFile; fileRef = 737136A82167998C00944AB3 /* UITableViewExtensions.swift */; };
		73AF519C21068202004F8843 /* AppDelegate.swift in Sources */ = {isa = PBXBuildFile; fileRef = 73AF519B21068202004F8843 /* AppDelegate.swift */; };
		73AF51A121068202004F8843 /* Main.storyboard in Resources */ = {isa = PBXBuildFile; fileRef = 73AF519F21068202004F8843 /* Main.storyboard */; };
		73AF51A321068203004F8843 /* Assets.xcassets in Resources */ = {isa = PBXBuildFile; fileRef = 73AF51A221068203004F8843 /* Assets.xcassets */; };
		73AF51A621068203004F8843 /* LaunchScreen.storyboard in Resources */ = {isa = PBXBuildFile; fileRef = 73AF51A421068203004F8843 /* LaunchScreen.storyboard */; };
		73AF51B1210A5AC8004F8843 /* HomeViewController.swift in Sources */ = {isa = PBXBuildFile; fileRef = 73AF51B0210A5AC8004F8843 /* HomeViewController.swift */; };
		73AF51B3210A5B00004F8843 /* ExpandCollapseSectionDynamicViewController.swift in Sources */ = {isa = PBXBuildFile; fileRef = 73AF51B2210A5B00004F8843 /* ExpandCollapseSectionDynamicViewController.swift */; };
		73AF51B6210A5F29004F8843 /* TableTest.swift in Sources */ = {isa = PBXBuildFile; fileRef = 73AF51B5210A5F29004F8843 /* TableTest.swift */; };
		73AF51B9210A603B004F8843 /* TestDataGenerator.swift in Sources */ = {isa = PBXBuildFile; fileRef = 73AF51B8210A603B004F8843 /* TestDataGenerator.swift */; };
		73AF51BB210BA03F004F8843 /* CellContent.swift in Sources */ = {isa = PBXBuildFile; fileRef = 73AF51BA210BA03F004F8843 /* CellContent.swift */; };
		73AF51BF210BA710004F8843 /* DynamicContentCell1.swift in Sources */ = {isa = PBXBuildFile; fileRef = 73AF51BE210BA710004F8843 /* DynamicContentCell1.swift */; };
/* End PBXBuildFile section */

/* Begin PBXFileReference section */
		7315555B21275B570003CD04 /* ExpandHeaderView.swift */ = {isa = PBXFileReference; lastKnownFileType = sourcecode.swift; path = ExpandHeaderView.swift; sourceTree = "<group>"; };
		7315555D21275B790003CD04 /* ExpandHeaderView.xib */ = {isa = PBXFileReference; lastKnownFileType = file.xib; path = ExpandHeaderView.xib; sourceTree = "<group>"; };
		737136942166370700944AB3 /* BaseView.swift */ = {isa = PBXFileReference; lastKnownFileType = sourcecode.swift; path = BaseView.swift; sourceTree = "<group>"; };
		737136962166382200944AB3 /* UIViewExtensions.swift */ = {isa = PBXFileReference; lastKnownFileType = sourcecode.swift; path = UIViewExtensions.swift; sourceTree = "<group>"; };
		7371369A21663B6800944AB3 /* BaseTableHeaderFooterView.swift */ = {isa = PBXFileReference; lastKnownFileType = sourcecode.swift; path = BaseTableHeaderFooterView.swift; sourceTree = "<group>"; };
		7371369C2166590400944AB3 /* ExpandFooterView.swift */ = {isa = PBXFileReference; lastKnownFileType = sourcecode.swift; path = ExpandFooterView.swift; sourceTree = "<group>"; };
		7371369E2166593000944AB3 /* ExpandFooterView.xib */ = {isa = PBXFileReference; lastKnownFileType = file.xib; path = ExpandFooterView.xib; sourceTree = "<group>"; };
		737136A02166691500944AB3 /* HideableObject.swift */ = {isa = PBXFileReference; lastKnownFileType = sourcecode.swift; path = HideableObject.swift; sourceTree = "<group>"; };
		737136A22166766300944AB3 /* SectionObject.swift */ = {isa = PBXFileReference; lastKnownFileType = sourcecode.swift; path = SectionObject.swift; sourceTree = "<group>"; };
		737136A4216678D300944AB3 /* HideShowSectionController.swift */ = {isa = PBXFileReference; lastKnownFileType = sourcecode.swift; path = HideShowSectionController.swift; sourceTree = "<group>"; };
		737136A6216796F200944AB3 /* BaseCell.swift */ = {isa = PBXFileReference; lastKnownFileType = sourcecode.swift; path = BaseCell.swift; sourceTree = "<group>"; };
		737136A82167998C00944AB3 /* UITableViewExtensions.swift */ = {isa = PBXFileReference; lastKnownFileType = sourcecode.swift; path = UITableViewExtensions.swift; sourceTree = "<group>"; };
		73AF519821068202004F8843 /* TableFeatures.app */ = {isa = PBXFileReference; explicitFileType = wrapper.application; includeInIndex = 0; path = TableFeatures.app; sourceTree = BUILT_PRODUCTS_DIR; };
		73AF519B21068202004F8843 /* AppDelegate.swift */ = {isa = PBXFileReference; lastKnownFileType = sourcecode.swift; path = AppDelegate.swift; sourceTree = "<group>"; };
		73AF51A021068202004F8843 /* Base */ = {isa = PBXFileReference; lastKnownFileType = file.storyboard; name = Base; path = Base.lproj/Main.storyboard; sourceTree = "<group>"; };
		73AF51A221068203004F8843 /* Assets.xcassets */ = {isa = PBXFileReference; lastKnownFileType = folder.assetcatalog; path = Assets.xcassets; sourceTree = "<group>"; };
		73AF51A521068203004F8843 /* Base */ = {isa = PBXFileReference; lastKnownFileType = file.storyboard; name = Base; path = Base.lproj/LaunchScreen.storyboard; sourceTree = "<group>"; };
		73AF51A721068203004F8843 /* Info.plist */ = {isa = PBXFileReference; lastKnownFileType = text.plist.xml; path = Info.plist; sourceTree = "<group>"; };
		73AF51B0210A5AC8004F8843 /* HomeViewController.swift */ = {isa = PBXFileReference; lastKnownFileType = sourcecode.swift; path = HomeViewController.swift; sourceTree = "<group>"; };
		73AF51B2210A5B00004F8843 /* ExpandCollapseSectionDynamicViewController.swift */ = {isa = PBXFileReference; lastKnownFileType = sourcecode.swift; path = ExpandCollapseSectionDynamicViewController.swift; sourceTree = "<group>"; };
		73AF51B5210A5F29004F8843 /* TableTest.swift */ = {isa = PBXFileReference; lastKnownFileType = sourcecode.swift; path = TableTest.swift; sourceTree = "<group>"; };
		73AF51B8210A603B004F8843 /* TestDataGenerator.swift */ = {isa = PBXFileReference; lastKnownFileType = sourcecode.swift; path = TestDataGenerator.swift; sourceTree = "<group>"; };
		73AF51BA210BA03F004F8843 /* CellContent.swift */ = {isa = PBXFileReference; lastKnownFileType = sourcecode.swift; path = CellContent.swift; sourceTree = "<group>"; };
		73AF51BE210BA710004F8843 /* DynamicContentCell1.swift */ = {isa = PBXFileReference; lastKnownFileType = sourcecode.swift; path = DynamicContentCell1.swift; sourceTree = "<group>"; };
/* End PBXFileReference section */

/* Begin PBXFrameworksBuildPhase section */
		73AF519521068202004F8843 /* Frameworks */ = {
			isa = PBXFrameworksBuildPhase;
			buildActionMask = 2147483647;
			files = (
			);
			runOnlyForDeploymentPostprocessing = 0;
		};
/* End PBXFrameworksBuildPhase section */

/* Begin PBXGroup section */
		7371368F2166365000944AB3 /* TableTests */ = {
			isa = PBXGroup;
			children = (
				73713693216636A900944AB3 /* Cells */,
				73713692216636A100944AB3 /* Headers */,
				737136912166369200944AB3 /* Footers */,
			);
			path = TableTests;
			sourceTree = "<group>";
		};
		737136902166366F00944AB3 /* Extensions */ = {
			isa = PBXGroup;
			children = (
				737136A6216796F200944AB3 /* BaseCell.swift */,
				737136942166370700944AB3 /* BaseView.swift */,
				7371369A21663B6800944AB3 /* BaseTableHeaderFooterView.swift */,
				737136962166382200944AB3 /* UIViewExtensions.swift */,
				737136A82167998C00944AB3 /* UITableViewExtensions.swift */,
			);
			path = Extensions;
			sourceTree = "<group>";
		};
		737136912166369200944AB3 /* Footers */ = {
			isa = PBXGroup;
			children = (
				7371369C2166590400944AB3 /* ExpandFooterView.swift */,
				7371369E2166593000944AB3 /* ExpandFooterView.xib */,
			);
			path = Footers;
			sourceTree = "<group>";
		};
		73713692216636A100944AB3 /* Headers */ = {
			isa = PBXGroup;
			children = (
				7315555B21275B570003CD04 /* ExpandHeaderView.swift */,
				7315555D21275B790003CD04 /* ExpandHeaderView.xib */,
			);
			path = Headers;
			sourceTree = "<group>";
		};
		73713693216636A900944AB3 /* Cells */ = {
			isa = PBXGroup;
			children = (
				73AF51BE210BA710004F8843 /* DynamicContentCell1.swift */,
			);
			path = Cells;
			sourceTree = "<group>";
		};
		73AF518F21068202004F8843 = {
			isa = PBXGroup;
			children = (
				73AF519A21068202004F8843 /* TableFeatures */,
				73AF519921068202004F8843 /* Products */,
			);
			sourceTree = "<group>";
		};
		73AF519921068202004F8843 /* Products */ = {
			isa = PBXGroup;
			children = (
				73AF519821068202004F8843 /* TableFeatures.app */,
			);
			name = Products;
			sourceTree = "<group>";
		};
		73AF519A21068202004F8843 /* TableFeatures */ = {
			isa = PBXGroup;
			children = (
				73AF51B4210A5F09004F8843 /* Model */,
				73AF51B7210A601E004F8843 /* Data */,
				73AF51AD210A5A4F004F8843 /* Controllers */,
				73AF51BC210BA6B7004F8843 /* Views */,
				73AF519B21068202004F8843 /* AppDelegate.swift */,
				73AF519F21068202004F8843 /* Main.storyboard */,
				73AF51A221068203004F8843 /* Assets.xcassets */,
				73AF51A421068203004F8843 /* LaunchScreen.storyboard */,
				73AF51A721068203004F8843 /* Info.plist */,
			);
			path = TableFeatures;
			sourceTree = "<group>";
		};
		73AF51AD210A5A4F004F8843 /* Controllers */ = {
			isa = PBXGroup;
			children = (
				73AF51AF210A5A7D004F8843 /* TableTests */,
				73AF51AE210A5A66004F8843 /* Launch */,
			);
			path = Controllers;
			sourceTree = "<group>";
		};
		73AF51AE210A5A66004F8843 /* Launch */ = {
			isa = PBXGroup;
			children = (
				73AF51B0210A5AC8004F8843 /* HomeViewController.swift */,
			);
			path = Launch;
			sourceTree = "<group>";
		};
		73AF51AF210A5A7D004F8843 /* TableTests */ = {
			isa = PBXGroup;
			children = (
				73AF51B2210A5B00004F8843 /* ExpandCollapseSectionDynamicViewController.swift */,
				737136A4216678D300944AB3 /* HideShowSectionController.swift */,
			);
			path = TableTests;
			sourceTree = "<group>";
		};
		73AF51B4210A5F09004F8843 /* Model */ = {
			isa = PBXGroup;
			children = (
				73AF51B5210A5F29004F8843 /* TableTest.swift */,
				73AF51BA210BA03F004F8843 /* CellContent.swift */,
				737136A02166691500944AB3 /* HideableObject.swift */,
				737136A22166766300944AB3 /* SectionObject.swift */,
			);
			path = Model;
			sourceTree = "<group>";
		};
		73AF51B7210A601E004F8843 /* Data */ = {
			isa = PBXGroup;
			children = (
				73AF51B8210A603B004F8843 /* TestDataGenerator.swift */,
			);
			path = Data;
			sourceTree = "<group>";
		};
		73AF51BC210BA6B7004F8843 /* Views */ = {
			isa = PBXGroup;
			children = (
				737136902166366F00944AB3 /* Extensions */,
				7371368F2166365000944AB3 /* TableTests */,
			);
			path = Views;
			sourceTree = "<group>";
		};
/* End PBXGroup section */

/* Begin PBXNativeTarget section */
		73AF519721068202004F8843 /* TableFeatures */ = {
			isa = PBXNativeTarget;
			buildConfigurationList = 73AF51AA21068203004F8843 /* Build configuration list for PBXNativeTarget "TableFeatures" */;
			buildPhases = (
				73AF519421068202004F8843 /* Sources */,
				73AF519521068202004F8843 /* Frameworks */,
				73AF519621068202004F8843 /* Resources */,
			);
			buildRules = (
			);
			dependencies = (
			);
			name = TableFeatures;
			productName = TableFeatures;
			productReference = 73AF519821068202004F8843 /* TableFeatures.app */;
			productType = "com.apple.product-type.application";
		};
/* End PBXNativeTarget section */

/* Begin PBXProject section */
		73AF519021068202004F8843 /* Project object */ = {
			isa = PBXProject;
			attributes = {
				LastSwiftUpdateCheck = 0940;
				LastUpgradeCheck = 0940;
				ORGANIZATIONNAME = "John Paul Costello";
				TargetAttributes = {
					73AF519721068202004F8843 = {
						CreatedOnToolsVersion = 9.4.1;
					};
				};
			};
			buildConfigurationList = 73AF519321068202004F8843 /* Build configuration list for PBXProject "TableFeatures" */;
			compatibilityVersion = "Xcode 9.3";
			developmentRegion = en;
			hasScannedForEncodings = 0;
			knownRegions = (
				en,
				Base,
			);
			mainGroup = 73AF518F21068202004F8843;
			productRefGroup = 73AF519921068202004F8843 /* Products */;
			projectDirPath = "";
			projectRoot = "";
			targets = (
				73AF519721068202004F8843 /* TableFeatures */,
			);
		};
/* End PBXProject section */

/* Begin PBXResourcesBuildPhase section */
		73AF519621068202004F8843 /* Resources */ = {
			isa = PBXResourcesBuildPhase;
			buildActionMask = 2147483647;
			files = (
				7371369F2166593000944AB3 /* ExpandFooterView.xib in Resources */,
				73AF51A621068203004F8843 /* LaunchScreen.storyboard in Resources */,
				7315555E21275B790003CD04 /* ExpandHeaderView.xib in Resources */,
				73AF51A321068203004F8843 /* Assets.xcassets in Resources */,
				73AF51A121068202004F8843 /* Main.storyboard in Resources */,
			);
			runOnlyForDeploymentPostprocessing = 0;
		};
/* End PBXResourcesBuildPhase section */

/* Begin PBXSourcesBuildPhase section */
		73AF519421068202004F8843 /* Sources */ = {
			isa = PBXSourcesBuildPhase;
			buildActionMask = 2147483647;
			files = (
				73AF51B9210A603B004F8843 /* TestDataGenerator.swift in Sources */,
				73AF519C21068202004F8843 /* AppDelegate.swift in Sources */,
				73AF51B3210A5B00004F8843 /* ExpandCollapseSectionDynamicViewController.swift in Sources */,
				73AF51B6210A5F29004F8843 /* TableTest.swift in Sources */,
				737136A7216796F200944AB3 /* BaseCell.swift in Sources */,
				73AF51B1210A5AC8004F8843 /* HomeViewController.swift in Sources */,
				737136A92167998C00944AB3 /* UITableViewExtensions.swift in Sources */,
				7371369B21663B6800944AB3 /* BaseTableHeaderFooterView.swift in Sources */,
				7315555C21275B570003CD04 /* ExpandHeaderView.swift in Sources */,
				737136A12166691500944AB3 /* HideableObject.swift in Sources */,
				737136972166382200944AB3 /* UIViewExtensions.swift in Sources */,
				737136A5216678D300944AB3 /* HideShowSectionController.swift in Sources */,
				737136952166370700944AB3 /* BaseView.swift in Sources */,
				737136A32166766300944AB3 /* SectionObject.swift in Sources */,
				73AF51BB210BA03F004F8843 /* CellContent.swift in Sources */,
				73AF51BF210BA710004F8843 /* DynamicContentCell1.swift in Sources */,
				7371369D2166590400944AB3 /* ExpandFooterView.swift in Sources */,
			);
			runOnlyForDeploymentPostprocessing = 0;
		};
/* End PBXSourcesBuildPhase section */

/* Begin PBXVariantGroup section */
		73AF519F21068202004F8843 /* Main.storyboard */ = {
			isa = PBXVariantGroup;
			children = (
				73AF51A021068202004F8843 /* Base */,
			);
			name = Main.storyboard;
			sourceTree = "<group>";
		};
		73AF51A421068203004F8843 /* LaunchScreen.storyboard */ = {
			isa = PBXVariantGroup;
			children = (
				73AF51A521068203004F8843 /* Base */,
			);
			name = LaunchScreen.storyboard;
			sourceTree = "<group>";
		};
/* End PBXVariantGroup section */

/* Begin XCBuildConfiguration section */
		73AF51A821068203004F8843 /* Debug */ = {
			isa = XCBuildConfiguration;
			buildSettings = {
				ALWAYS_SEARCH_USER_PATHS = NO;
				CLANG_ANALYZER_NONNULL = YES;
				CLANG_ANALYZER_NUMBER_OBJECT_CONVERSION = YES_AGGRESSIVE;
				CLANG_CXX_LANGUAGE_STANDARD = "gnu++14";
				CLANG_CXX_LIBRARY = "libc++";
				CLANG_ENABLE_MODULES = YES;
				CLANG_ENABLE_OBJC_ARC = YES;
				CLANG_ENABLE_OBJC_WEAK = YES;
				CLANG_WARN_BLOCK_CAPTURE_AUTORELEASING = YES;
				CLANG_WARN_BOOL_CONVERSION = YES;
				CLANG_WARN_COMMA = YES;
				CLANG_WARN_CONSTANT_CONVERSION = YES;
				CLANG_WARN_DEPRECATED_OBJC_IMPLEMENTATIONS = YES;
				CLANG_WARN_DIRECT_OBJC_ISA_USAGE = YES_ERROR;
				CLANG_WARN_DOCUMENTATION_COMMENTS = YES;
				CLANG_WARN_EMPTY_BODY = YES;
				CLANG_WARN_ENUM_CONVERSION = YES;
				CLANG_WARN_INFINITE_RECURSION = YES;
				CLANG_WARN_INT_CONVERSION = YES;
				CLANG_WARN_NON_LITERAL_NULL_CONVERSION = YES;
				CLANG_WARN_OBJC_IMPLICIT_RETAIN_SELF = YES;
				CLANG_WARN_OBJC_LITERAL_CONVERSION = YES;
				CLANG_WARN_OBJC_ROOT_CLASS = YES_ERROR;
				CLANG_WARN_RANGE_LOOP_ANALYSIS = YES;
				CLANG_WARN_STRICT_PROTOTYPES = YES;
				CLANG_WARN_SUSPICIOUS_MOVE = YES;
				CLANG_WARN_UNGUARDED_AVAILABILITY = YES_AGGRESSIVE;
				CLANG_WARN_UNREACHABLE_CODE = YES;
				CLANG_WARN__DUPLICATE_METHOD_MATCH = YES;
				CODE_SIGN_IDENTITY = "iPhone Developer";
				COPY_PHASE_STRIP = NO;
				DEBUG_INFORMATION_FORMAT = dwarf;
				ENABLE_STRICT_OBJC_MSGSEND = YES;
				ENABLE_TESTABILITY = YES;
				GCC_C_LANGUAGE_STANDARD = gnu11;
				GCC_DYNAMIC_NO_PIC = NO;
				GCC_NO_COMMON_BLOCKS = YES;
				GCC_OPTIMIZATION_LEVEL = 0;
				GCC_PREPROCESSOR_DEFINITIONS = (
					"DEBUG=1",
					"$(inherited)",
				);
				GCC_WARN_64_TO_32_BIT_CONVERSION = YES;
				GCC_WARN_ABOUT_RETURN_TYPE = YES_ERROR;
				GCC_WARN_UNDECLARED_SELECTOR = YES;
				GCC_WARN_UNINITIALIZED_AUTOS = YES_AGGRESSIVE;
				GCC_WARN_UNUSED_FUNCTION = YES;
				GCC_WARN_UNUSED_VARIABLE = YES;
				IPHONEOS_DEPLOYMENT_TARGET = 11.4;
				MTL_ENABLE_DEBUG_INFO = YES;
				ONLY_ACTIVE_ARCH = YES;
				SDKROOT = iphoneos;
				SWIFT_ACTIVE_COMPILATION_CONDITIONS = DEBUG;
				SWIFT_OPTIMIZATION_LEVEL = "-Onone";
			};
			name = Debug;
		};
		73AF51A921068203004F8843 /* Release */ = {
			isa = XCBuildConfiguration;
			buildSettings = {
				ALWAYS_SEARCH_USER_PATHS = NO;
				CLANG_ANALYZER_NONNULL = YES;
				CLANG_ANALYZER_NUMBER_OBJECT_CONVERSION = YES_AGGRESSIVE;
				CLANG_CXX_LANGUAGE_STANDARD = "gnu++14";
				CLANG_CXX_LIBRARY = "libc++";
				CLANG_ENABLE_MODULES = YES;
				CLANG_ENABLE_OBJC_ARC = YES;
				CLANG_ENABLE_OBJC_WEAK = YES;
				CLANG_WARN_BLOCK_CAPTURE_AUTORELEASING = YES;
				CLANG_WARN_BOOL_CONVERSION = YES;
				CLANG_WARN_COMMA = YES;
				CLANG_WARN_CONSTANT_CONVERSION = YES;
				CLANG_WARN_DEPRECATED_OBJC_IMPLEMENTATIONS = YES;
				CLANG_WARN_DIRECT_OBJC_ISA_USAGE = YES_ERROR;
				CLANG_WARN_DOCUMENTATION_COMMENTS = YES;
				CLANG_WARN_EMPTY_BODY = YES;
				CLANG_WARN_ENUM_CONVERSION = YES;
				CLANG_WARN_INFINITE_RECURSION = YES;
				CLANG_WARN_INT_CONVERSION = YES;
				CLANG_WARN_NON_LITERAL_NULL_CONVERSION = YES;
				CLANG_WARN_OBJC_IMPLICIT_RETAIN_SELF = YES;
				CLANG_WARN_OBJC_LITERAL_CONVERSION = YES;
				CLANG_WARN_OBJC_ROOT_CLASS = YES_ERROR;
				CLANG_WARN_RANGE_LOOP_ANALYSIS = YES;
				CLANG_WARN_STRICT_PROTOTYPES = YES;
				CLANG_WARN_SUSPICIOUS_MOVE = YES;
				CLANG_WARN_UNGUARDED_AVAILABILITY = YES_AGGRESSIVE;
				CLANG_WARN_UNREACHABLE_CODE = YES;
				CLANG_WARN__DUPLICATE_METHOD_MATCH = YES;
				CODE_SIGN_IDENTITY = "iPhone Developer";
				COPY_PHASE_STRIP = NO;
				DEBUG_INFORMATION_FORMAT = "dwarf-with-dsym";
				ENABLE_NS_ASSERTIONS = NO;
				ENABLE_STRICT_OBJC_MSGSEND = YES;
				GCC_C_LANGUAGE_STANDARD = gnu11;
				GCC_NO_COMMON_BLOCKS = YES;
				GCC_WARN_64_TO_32_BIT_CONVERSION = YES;
				GCC_WARN_ABOUT_RETURN_TYPE = YES_ERROR;
				GCC_WARN_UNDECLARED_SELECTOR = YES;
				GCC_WARN_UNINITIALIZED_AUTOS = YES_AGGRESSIVE;
				GCC_WARN_UNUSED_FUNCTION = YES;
				GCC_WARN_UNUSED_VARIABLE = YES;
				IPHONEOS_DEPLOYMENT_TARGET = 11.4;
				MTL_ENABLE_DEBUG_INFO = NO;
				SDKROOT = iphoneos;
				SWIFT_COMPILATION_MODE = wholemodule;
				SWIFT_OPTIMIZATION_LEVEL = "-O";
				VALIDATE_PRODUCT = YES;
			};
			name = Release;
		};
		73AF51AB21068203004F8843 /* Debug */ = {
			isa = XCBuildConfiguration;
			buildSettings = {
				ASSETCATALOG_COMPILER_APPICON_NAME = AppIcon;
				CODE_SIGN_STYLE = Automatic;
				DEVELOPMENT_TEAM = 56P6J28XP4;
				INFOPLIST_FILE = TableFeatures/Info.plist;
				LD_RUNPATH_SEARCH_PATHS = (
					"$(inherited)",
					"@executable_path/Frameworks",
				);
				PRODUCT_BUNDLE_IDENTIFIER = jpc.libs.TableFeatures;
				PRODUCT_NAME = "$(TARGET_NAME)";
				SWIFT_VERSION = 4.0;
				TARGETED_DEVICE_FAMILY = "1,2";
			};
			name = Debug;
		};
		73AF51AC21068203004F8843 /* Release */ = {
			isa = XCBuildConfiguration;
			buildSettings = {
				ASSETCATALOG_COMPILER_APPICON_NAME = AppIcon;
				CODE_SIGN_STYLE = Automatic;
				DEVELOPMENT_TEAM = 56P6J28XP4;
				INFOPLIST_FILE = TableFeatures/Info.plist;
				LD_RUNPATH_SEARCH_PATHS = (
					"$(inherited)",
					"@executable_path/Frameworks",
				);
				PRODUCT_BUNDLE_IDENTIFIER = jpc.libs.TableFeatures;
				PRODUCT_NAME = "$(TARGET_NAME)";
				SWIFT_VERSION = 4.0;
				TARGETED_DEVICE_FAMILY = "1,2";
			};
			name = Release;
		};
/* End XCBuildConfiguration section */

/* Begin XCConfigurationList section */
		73AF519321068202004F8843 /* Build configuration list for PBXProject "TableFeatures" */ = {
			isa = XCConfigurationList;
			buildConfigurations = (
				73AF51A821068203004F8843 /* Debug */,
				73AF51A921068203004F8843 /* Release */,
			);
			defaultConfigurationIsVisible = 0;
			defaultConfigurationName = Release;
		};
		73AF51AA21068203004F8843 /* Build configuration list for PBXNativeTarget "TableFeatures" */ = {
			isa = XCConfigurationList;
			buildConfigurations = (
				73AF51AB21068203004F8843 /* Debug */,
				73AF51AC21068203004F8843 /* Release */,
			);
			defaultConfigurationIsVisible = 0;
			defaultConfigurationName = Release;
		};
/* End XCConfigurationList section */
	};
	rootObject = 73AF519021068202004F8843 /* Project object */;
}
